// !$*UTF8*$!
{
	archiveVersion = 1;
	classes = {
	};
	objectVersion = 50;
	objects = {

/* Begin PBXBuildFile section */
		5767952022F099EF0052EB6B /* AppDelegate.swift in Sources */ = {isa = PBXBuildFile; fileRef = 5767951F22F099EF0052EB6B /* AppDelegate.swift */; };
		5767952222F099EF0052EB6B /* ViewController.swift in Sources */ = {isa = PBXBuildFile; fileRef = 5767952122F099EF0052EB6B /* ViewController.swift */; };
		5767952522F099EF0052EB6B /* Main.storyboard in Resources */ = {isa = PBXBuildFile; fileRef = 5767952322F099EF0052EB6B /* Main.storyboard */; };
		5767952722F099F10052EB6B /* Assets.xcassets in Resources */ = {isa = PBXBuildFile; fileRef = 5767952622F099F10052EB6B /* Assets.xcassets */; };
		5767952A22F099F10052EB6B /* LaunchScreen.storyboard in Resources */ = {isa = PBXBuildFile; fileRef = 5767952822F099F10052EB6B /* LaunchScreen.storyboard */; };
		5767953522F099F10052EB6B /* I_Am_RichTests.swift in Sources */ = {isa = PBXBuildFile; fileRef = 5767953422F099F10052EB6B /* I_Am_RichTests.swift */; };
		5767954022F099F10052EB6B /* I_Am_RichUITests.swift in Sources */ = {isa = PBXBuildFile; fileRef = 5767953F22F099F10052EB6B /* I_Am_RichUITests.swift */; };
/* End PBXBuildFile section */

/* Begin PBXContainerItemProxy section */
		5767953122F099F10052EB6B /* PBXContainerItemProxy */ = {
			isa = PBXContainerItemProxy;
			containerPortal = 5767951422F099EF0052EB6B /* Project object */;
			proxyType = 1;
			remoteGlobalIDString = 5767951B22F099EF0052EB6B;
			remoteInfo = "I Am Rich";
		};
		5767953C22F099F10052EB6B /* PBXContainerItemProxy */ = {
			isa = PBXContainerItemProxy;
			containerPortal = 5767951422F099EF0052EB6B /* Project object */;
			proxyType = 1;
			remoteGlobalIDString = 5767951B22F099EF0052EB6B;
			remoteInfo = "I Am Rich";
		};
/* End PBXContainerItemProxy section */

/* Begin PBXFileReference section */
		5767951C22F099EF0052EB6B /* I Am Rich.app */ = {isa = PBXFileReference; explicitFileType = wrapper.application; includeInIndex = 0; path = "I Am Rich.app"; sourceTree = BUILT_PRODUCTS_DIR; };
		5767951F22F099EF0052EB6B /* AppDelegate.swift */ = {isa = PBXFileReference; lastKnownFileType = sourcecode.swift; path = AppDelegate.swift; sourceTree = "<group>"; };
		5767952122F099EF0052EB6B /* ViewController.swift */ = {isa = PBXFileReference; lastKnownFileType = sourcecode.swift; path = ViewController.swift; sourceTree = "<group>"; };
		5767952422F099EF0052EB6B /* Base */ = {isa = PBXFileReference; lastKnownFileType = file.storyboard; name = Base; path = Base.lproj/Main.storyboard; sourceTree = "<group>"; };
		5767952622F099F10052EB6B /* Assets.xcassets */ = {isa = PBXFileReference; lastKnownFileType = folder.assetcatalog; path = Assets.xcassets; sourceTree = "<group>"; };
		5767952922F099F10052EB6B /* Base */ = {isa = PBXFileReference; lastKnownFileType = file.storyboard; name = Base; path = Base.lproj/LaunchScreen.storyboard; sourceTree = "<group>"; };
		5767952B22F099F10052EB6B /* Info.plist */ = {isa = PBXFileReference; lastKnownFileType = text.plist.xml; path = Info.plist; sourceTree = "<group>"; };
		5767953022F099F10052EB6B /* I Am RichTests.xctest */ = {isa = PBXFileReference; explicitFileType = wrapper.cfbundle; includeInIndex = 0; path = "I Am RichTests.xctest"; sourceTree = BUILT_PRODUCTS_DIR; };
		5767953422F099F10052EB6B /* I_Am_RichTests.swift */ = {isa = PBXFileReference; lastKnownFileType = sourcecode.swift; path = I_Am_RichTests.swift; sourceTree = "<group>"; };
		5767953622F099F10052EB6B /* Info.plist */ = {isa = PBXFileReference; lastKnownFileType = text.plist.xml; path = Info.plist; sourceTree = "<group>"; };
		5767953B22F099F10052EB6B /* I Am RichUITests.xctest */ = {isa = PBXFileReference; explicitFileType = wrapper.cfbundle; includeInIndex = 0; path = "I Am RichUITests.xctest"; sourceTree = BUILT_PRODUCTS_DIR; };
		5767953F22F099F10052EB6B /* I_Am_RichUITests.swift */ = {isa = PBXFileReference; lastKnownFileType = sourcecode.swift; path = I_Am_RichUITests.swift; sourceTree = "<group>"; };
		5767954122F099F10052EB6B /* Info.plist */ = {isa = PBXFileReference; lastKnownFileType = text.plist.xml; path = Info.plist; sourceTree = "<group>"; };
/* End PBXFileReference section */

/* Begin PBXFrameworksBuildPhase section */
		5767951922F099EF0052EB6B /* Frameworks */ = {
			isa = PBXFrameworksBuildPhase;
			buildActionMask = 2147483647;
			files = (
			);
			runOnlyForDeploymentPostprocessing = 0;
		};
		5767952D22F099F10052EB6B /* Frameworks */ = {
			isa = PBXFrameworksBuildPhase;
			buildActionMask = 2147483647;
			files = (
			);
			runOnlyForDeploymentPostprocessing = 0;
		};
		5767953822F099F10052EB6B /* Frameworks */ = {
			isa = PBXFrameworksBuildPhase;
			buildActionMask = 2147483647;
			files = (
			);
			runOnlyForDeploymentPostprocessing = 0;
		};
/* End PBXFrameworksBuildPhase section */

/* Begin PBXGroup section */
		5767951322F099EF0052EB6B = {
			isa = PBXGroup;
			children = (
				5767951E22F099EF0052EB6B /* I Am Rich */,
				5767953322F099F10052EB6B /* I Am RichTests */,
				5767953E22F099F10052EB6B /* I Am RichUITests */,
				5767951D22F099EF0052EB6B /* Products */,
			);
			sourceTree = "<group>";
		};
		5767951D22F099EF0052EB6B /* Products */ = {
			isa = PBXGroup;
			children = (
				5767951C22F099EF0052EB6B /* I Am Rich.app */,
				5767953022F099F10052EB6B /* I Am RichTests.xctest */,
				5767953B22F099F10052EB6B /* I Am RichUITests.xctest */,
			);
			name = Products;
			sourceTree = "<group>";
		};
		5767951E22F099EF0052EB6B /* I Am Rich */ = {
			isa = PBXGroup;
			children = (
				5767951F22F099EF0052EB6B /* AppDelegate.swift */,
				5767952122F099EF0052EB6B /* ViewController.swift */,
				5767952322F099EF0052EB6B /* Main.storyboard */,
				5767952622F099F10052EB6B /* Assets.xcassets */,
				5767952822F099F10052EB6B /* LaunchScreen.storyboard */,
				5767952B22F099F10052EB6B /* Info.plist */,
			);
			path = "I Am Rich";
			sourceTree = "<group>";
		};
		5767953322F099F10052EB6B /* I Am RichTests */ = {
			isa = PBXGroup;
			children = (
				5767953422F099F10052EB6B /* I_Am_RichTests.swift */,
				5767953622F099F10052EB6B /* Info.plist */,
			);
			path = "I Am RichTests";
			sourceTree = "<group>";
		};
		5767953E22F099F10052EB6B /* I Am RichUITests */ = {
			isa = PBXGroup;
			children = (
				5767953F22F099F10052EB6B /* I_Am_RichUITests.swift */,
				5767954122F099F10052EB6B /* Info.plist */,
			);
			path = "I Am RichUITests";
			sourceTree = "<group>";
		};
/* End PBXGroup section */

/* Begin PBXNativeTarget section */
		5767951B22F099EF0052EB6B /* I Am Rich */ = {
			isa = PBXNativeTarget;
			buildConfigurationList = 5767954422F099F10052EB6B /* Build configuration list for PBXNativeTarget "I Am Rich" */;
			buildPhases = (
				5767951822F099EF0052EB6B /* Sources */,
				5767951922F099EF0052EB6B /* Frameworks */,
				5767951A22F099EF0052EB6B /* Resources */,
			);
			buildRules = (
			);
			dependencies = (
			);
			name = "I Am Rich";
			productName = "I Am Rich";
			productReference = 5767951C22F099EF0052EB6B /* I Am Rich.app */;
			productType = "com.apple.product-type.application";
		};
		5767952F22F099F10052EB6B /* I Am RichTests */ = {
			isa = PBXNativeTarget;
			buildConfigurationList = 5767954722F099F10052EB6B /* Build configuration list for PBXNativeTarget "I Am RichTests" */;
			buildPhases = (
				5767952C22F099F10052EB6B /* Sources */,
				5767952D22F099F10052EB6B /* Frameworks */,
				5767952E22F099F10052EB6B /* Resources */,
			);
			buildRules = (
			);
			dependencies = (
				5767953222F099F10052EB6B /* PBXTargetDependency */,
			);
			name = "I Am RichTests";
			productName = "I Am RichTests";
			productReference = 5767953022F099F10052EB6B /* I Am RichTests.xctest */;
			productType = "com.apple.product-type.bundle.unit-test";
		};
		5767953A22F099F10052EB6B /* I Am RichUITests */ = {
			isa = PBXNativeTarget;
			buildConfigurationList = 5767954A22F099F10052EB6B /* Build configuration list for PBXNativeTarget "I Am RichUITests" */;
			buildPhases = (
				5767953722F099F10052EB6B /* Sources */,
				5767953822F099F10052EB6B /* Frameworks */,
				5767953922F099F10052EB6B /* Resources */,
			);
			buildRules = (
			);
			dependencies = (
				5767953D22F099F10052EB6B /* PBXTargetDependency */,
			);
			name = "I Am RichUITests";
			productName = "I Am RichUITests";
			productReference = 5767953B22F099F10052EB6B /* I Am RichUITests.xctest */;
			productType = "com.apple.product-type.bundle.ui-testing";
		};
/* End PBXNativeTarget section */

/* Begin PBXProject section */
		5767951422F099EF0052EB6B /* Project object */ = {
			isa = PBXProject;
			attributes = {
				LastSwiftUpdateCheck = 1030;
				LastUpgradeCheck = 1030;
				ORGANIZATIONNAME = "Coding Blocks";
				TargetAttributes = {
					5767951B22F099EF0052EB6B = {
						CreatedOnToolsVersion = 10.3;
					};
					5767952F22F099F10052EB6B = {
						CreatedOnToolsVersion = 10.3;
						TestTargetID = 5767951B22F099EF0052EB6B;
					};
					5767953A22F099F10052EB6B = {
						CreatedOnToolsVersion = 10.3;
						TestTargetID = 5767951B22F099EF0052EB6B;
					};
				};
			};
			buildConfigurationList = 5767951722F099EF0052EB6B /* Build configuration list for PBXProject "I Am Rich" */;
			compatibilityVersion = "Xcode 9.3";
			developmentRegion = en;
			hasScannedForEncodings = 0;
			knownRegions = (
				en,
				Base,
			);
			mainGroup = 5767951322F099EF0052EB6B;
			productRefGroup = 5767951D22F099EF0052EB6B /* Products */;
			projectDirPath = "";
			projectRoot = "";
			targets = (
				5767951B22F099EF0052EB6B /* I Am Rich */,
				5767952F22F099F10052EB6B /* I Am RichTests */,
				5767953A22F099F10052EB6B /* I Am RichUITests */,
			);
		};
/* End PBXProject section */

/* Begin PBXResourcesBuildPhase section */
		5767951A22F099EF0052EB6B /* Resources */ = {
			isa = PBXResourcesBuildPhase;
			buildActionMask = 2147483647;
			files = (
				5767952A22F099F10052EB6B /* LaunchScreen.storyboard in Resources */,
				5767952722F099F10052EB6B /* Assets.xcassets in Resources */,
				5767952522F099EF0052EB6B /* Main.storyboard in Resources */,
			);
			runOnlyForDeploymentPostprocessing = 0;
		};
		5767952E22F099F10052EB6B /* Resources */ = {
			isa = PBXResourcesBuildPhase;
			buildActionMask = 2147483647;
			files = (
			);
			runOnlyForDeploymentPostprocessing = 0;
		};
		5767953922F099F10052EB6B /* Resources */ = {
			isa = PBXResourcesBuildPhase;
			buildActionMask = 2147483647;
			files = (
			);
			runOnlyForDeploymentPostprocessing = 0;
		};
/* End PBXResourcesBuildPhase section */

/* Begin PBXSourcesBuildPhase section */
		5767951822F099EF0052EB6B /* Sources */ = {
			isa = PBXSourcesBuildPhase;
			buildActionMask = 2147483647;
			files = (
				5767952222F099EF0052EB6B /* ViewController.swift in Sources */,
				5767952022F099EF0052EB6B /* AppDelegate.swift in Sources */,
			);
			runOnlyForDeploymentPostprocessing = 0;
		};
		5767952C22F099F10052EB6B /* Sources */ = {
			isa = PBXSourcesBuildPhase;
			buildActionMask = 2147483647;
			files = (
				5767953522F099F10052EB6B /* I_Am_RichTests.swift in Sources */,
			);
			runOnlyForDeploymentPostprocessing = 0;
		};
		5767953722F099F10052EB6B /* Sources */ = {
			isa = PBXSourcesBuildPhase;
			buildActionMask = 2147483647;
			files = (
				5767954022F099F10052EB6B /* I_Am_RichUITests.swift in Sources */,
			);
			runOnlyForDeploymentPostprocessing = 0;
		};
/* End PBXSourcesBuildPhase section */

/* Begin PBXTargetDependency section */
		5767953222F099F10052EB6B /* PBXTargetDependency */ = {
			isa = PBXTargetDependency;
			target = 5767951B22F099EF0052EB6B /* I Am Rich */;
			targetProxy = 5767953122F099F10052EB6B /* PBXContainerItemProxy */;
		};
		5767953D22F099F10052EB6B /* PBXTargetDependency */ = {
			isa = PBXTargetDependency;
			target = 5767951B22F099EF0052EB6B /* I Am Rich */;
			targetProxy = 5767953C22F099F10052EB6B /* PBXContainerItemProxy */;
		};
/* End PBXTargetDependency section */

/* Begin PBXVariantGroup section */
		5767952322F099EF0052EB6B /* Main.storyboard */ = {
			isa = PBXVariantGroup;
			children = (
				5767952422F099EF0052EB6B /* Base */,
			);
			name = Main.storyboard;
			sourceTree = "<group>";
		};
		5767952822F099F10052EB6B /* LaunchScreen.storyboard */ = {
			isa = PBXVariantGroup;
			children = (
				5767952922F099F10052EB6B /* Base */,
			);
			name = LaunchScreen.storyboard;
			sourceTree = "<group>";
		};
/* End PBXVariantGroup section */

/* Begin XCBuildConfiguration section */
		5767954222F099F10052EB6B /* Debug */ = {
			isa = XCBuildConfiguration;
			buildSettings = {
				ALWAYS_SEARCH_USER_PATHS = NO;
				CLANG_ANALYZER_NONNULL = YES;
				CLANG_ANALYZER_NUMBER_OBJECT_CONVERSION = YES_AGGRESSIVE;
				CLANG_CXX_LANGUAGE_STANDARD = "gnu++14";
				CLANG_CXX_LIBRARY = "libc++";
				CLANG_ENABLE_MODULES = YES;
				CLANG_ENABLE_OBJC_ARC = YES;
				CLANG_ENABLE_OBJC_WEAK = YES;
				CLANG_WARN_BLOCK_CAPTURE_AUTORELEASING = YES;
				CLANG_WARN_BOOL_CONVERSION = YES;
				CLANG_WARN_COMMA = YES;
				CLANG_WARN_CONSTANT_CONVERSION = YES;
				CLANG_WARN_DEPRECATED_OBJC_IMPLEMENTATIONS = YES;
				CLANG_WARN_DIRECT_OBJC_ISA_USAGE = YES_ERROR;
				CLANG_WARN_DOCUMENTATION_COMMENTS = YES;
				CLANG_WARN_EMPTY_BODY = YES;
				CLANG_WARN_ENUM_CONVERSION = YES;
				CLANG_WARN_INFINITE_RECURSION = YES;
				CLANG_WARN_INT_CONVERSION = YES;
				CLANG_WARN_NON_LITERAL_NULL_CONVERSION = YES;
				CLANG_WARN_OBJC_IMPLICIT_RETAIN_SELF = YES;
				CLANG_WARN_OBJC_LITERAL_CONVERSION = YES;
				CLANG_WARN_OBJC_ROOT_CLASS = YES_ERROR;
				CLANG_WARN_RANGE_LOOP_ANALYSIS = YES;
				CLANG_WARN_STRICT_PROTOTYPES = YES;
				CLANG_WARN_SUSPICIOUS_MOVE = YES;
				CLANG_WARN_UNGUARDED_AVAILABILITY = YES_AGGRESSIVE;
				CLANG_WARN_UNREACHABLE_CODE = YES;
				CLANG_WARN__DUPLICATE_METHOD_MATCH = YES;
				CODE_SIGN_IDENTITY = "iPhone Developer";
				COPY_PHASE_STRIP = NO;
				DEBUG_INFORMATION_FORMAT = dwarf;
				ENABLE_STRICT_OBJC_MSGSEND = YES;
				ENABLE_TESTABILITY = YES;
				GCC_C_LANGUAGE_STANDARD = gnu11;
				GCC_DYNAMIC_NO_PIC = NO;
				GCC_NO_COMMON_BLOCKS = YES;
				GCC_OPTIMIZATION_LEVEL = 0;
				GCC_PREPROCESSOR_DEFINITIONS = (
					"DEBUG=1",
					"$(inherited)",
				);
				GCC_WARN_64_TO_32_BIT_CONVERSION = YES;
				GCC_WARN_ABOUT_RETURN_TYPE = YES_ERROR;
				GCC_WARN_UNDECLARED_SELECTOR = YES;
				GCC_WARN_UNINITIALIZED_AUTOS = YES_AGGRESSIVE;
				GCC_WARN_UNUSED_FUNCTION = YES;
				GCC_WARN_UNUSED_VARIABLE = YES;
				IPHONEOS_DEPLOYMENT_TARGET = 12.4;
				MTL_ENABLE_DEBUG_INFO = INCLUDE_SOURCE;
				MTL_FAST_MATH = YES;
				ONLY_ACTIVE_ARCH = YES;
				SDKROOT = iphoneos;
				SWIFT_ACTIVE_COMPILATION_CONDITIONS = DEBUG;
				SWIFT_OPTIMIZATION_LEVEL = "-Onone";
			};
			name = Debug;
		};
		5767954322F099F10052EB6B /* Release */ = {
			isa = XCBuildConfiguration;
			buildSettings = {
				ALWAYS_SEARCH_USER_PATHS = NO;
				CLANG_ANALYZER_NONNULL = YES;
				CLANG_ANALYZER_NUMBER_OBJECT_CONVERSION = YES_AGGRESSIVE;
				CLANG_CXX_LANGUAGE_STANDARD = "gnu++14";
				CLANG_CXX_LIBRARY = "libc++";
				CLANG_ENABLE_MODULES = YES;
				CLANG_ENABLE_OBJC_ARC = YES;
				CLANG_ENABLE_OBJC_WEAK = YES;
				CLANG_WARN_BLOCK_CAPTURE_AUTORELEASING = YES;
				CLANG_WARN_BOOL_CONVERSION = YES;
				CLANG_WARN_COMMA = YES;
				CLANG_WARN_CONSTANT_CONVERSION = YES;
				CLANG_WARN_DEPRECATED_OBJC_IMPLEMENTATIONS = YES;
				CLANG_WARN_DIRECT_OBJC_ISA_USAGE = YES_ERROR;
				CLANG_WARN_DOCUMENTATION_COMMENTS = YES;
				CLANG_WARN_EMPTY_BODY = YES;
				CLANG_WARN_ENUM_CONVERSION = YES;
				CLANG_WARN_INFINITE_RECURSION = YES;
				CLANG_WARN_INT_CONVERSION = YES;
				CLANG_WARN_NON_LITERAL_NULL_CONVERSION = YES;
				CLANG_WARN_OBJC_IMPLICIT_RETAIN_SELF = YES;
				CLANG_WARN_OBJC_LITERAL_CONVERSION = YES;
				CLANG_WARN_OBJC_ROOT_CLASS = YES_ERROR;
				CLANG_WARN_RANGE_LOOP_ANALYSIS = YES;
				CLANG_WARN_STRICT_PROTOTYPES = YES;
				CLANG_WARN_SUSPICIOUS_MOVE = YES;
				CLANG_WARN_UNGUARDED_AVAILABILITY = YES_AGGRESSIVE;
				CLANG_WARN_UNREACHABLE_CODE = YES;
				CLANG_WARN__DUPLICATE_METHOD_MATCH = YES;
				CODE_SIGN_IDENTITY = "iPhone Developer";
				COPY_PHASE_STRIP = NO;
				DEBUG_INFORMATION_FORMAT = "dwarf-with-dsym";
				ENABLE_NS_ASSERTIONS = NO;
				ENABLE_STRICT_OBJC_MSGSEND = YES;
				GCC_C_LANGUAGE_STANDARD = gnu11;
				GCC_NO_COMMON_BLOCKS = YES;
				GCC_WARN_64_TO_32_BIT_CONVERSION = YES;
				GCC_WARN_ABOUT_RETURN_TYPE = YES_ERROR;
				GCC_WARN_UNDECLARED_SELECTOR = YES;
				GCC_WARN_UNINITIALIZED_AUTOS = YES_AGGRESSIVE;
				GCC_WARN_UNUSED_FUNCTION = YES;
				GCC_WARN_UNUSED_VARIABLE = YES;
				IPHONEOS_DEPLOYMENT_TARGET = 12.4;
				MTL_ENABLE_DEBUG_INFO = NO;
				MTL_FAST_MATH = YES;
				SDKROOT = iphoneos;
				SWIFT_COMPILATION_MODE = wholemodule;
				SWIFT_OPTIMIZATION_LEVEL = "-O";
				VALIDATE_PRODUCT = YES;
			};
			name = Release;
		};
		5767954522F099F10052EB6B /* Debug */ = {
			isa = XCBuildConfiguration;
			buildSettings = {
				ASSETCATALOG_COMPILER_APPICON_NAME = AppIcon;
				CODE_SIGN_STYLE = Automatic;
				DEVELOPMENT_TEAM = BXD5262846;
				INFOPLIST_FILE = "I Am Rich/Info.plist";
				LD_RUNPATH_SEARCH_PATHS = (
					"$(inherited)",
					"@executable_path/Frameworks",
				);
				PRODUCT_BUNDLE_IDENTIFIER = "com.codingblocks.I-Am-Rich";
				PRODUCT_NAME = "$(TARGET_NAME)";
				SWIFT_VERSION = 5.0;
				TARGETED_DEVICE_FAMILY = 1;
			};
			name = Debug;
		};
		5767954622F099F10052EB6B /* Release */ = {
			isa = XCBuildConfiguration;
			buildSettings = {
				ASSETCATALOG_COMPILER_APPICON_NAME = AppIcon;
				CODE_SIGN_STYLE = Automatic;
				DEVELOPMENT_TEAM = BXD5262846;
				INFOPLIST_FILE = "I Am Rich/Info.plist";
				LD_RUNPATH_SEARCH_PATHS = (
					"$(inherited)",
					"@executable_path/Frameworks",
				);
				PRODUCT_BUNDLE_IDENTIFIER = "com.codingblocks.I-Am-Rich";
				PRODUCT_NAME = "$(TARGET_NAME)";
				SWIFT_VERSION = 5.0;
				TARGETED_DEVICE_FAMILY = 1;
			};
			name = Release;
		};
		5767954822F099F10052EB6B /* Debug */ = {
			isa = XCBuildConfiguration;
			buildSettings = {
				ALWAYS_EMBED_SWIFT_STANDARD_LIBRARIES = YES;
				BUNDLE_LOADER = "$(TEST_HOST)";
				CODE_SIGN_STYLE = Automatic;
				DEVELOPMENT_TEAM = BXD5262846;
				INFOPLIST_FILE = "I Am RichTests/Info.plist";
				LD_RUNPATH_SEARCH_PATHS = (
					"$(inherited)",
					"@executable_path/Frameworks",
					"@loader_path/Frameworks",
				);
				PRODUCT_BUNDLE_IDENTIFIER = "com.codingblocks.I-Am-RichTests";
				PRODUCT_NAME = "$(TARGET_NAME)";
				SWIFT_VERSION = 5.0;
				TARGETED_DEVICE_FAMILY = "1,2";
				TEST_HOST = "$(BUILT_PRODUCTS_DIR)/I Am Rich.app/I Am Rich";
			};
			name = Debug;
		};
		5767954922F099F10052EB6B /* Release */ = {
			isa = XCBuildConfiguration;
			buildSettings = {
				ALWAYS_EMBED_SWIFT_STANDARD_LIBRARIES = YES;
				BUNDLE_LOADER = "$(TEST_HOST)";
				CODE_SIGN_STYLE = Automatic;
				DEVELOPMENT_TEAM = BXD5262846;
				INFOPLIST_FILE = "I Am RichTests/Info.plist";
				LD_RUNPATH_SEARCH_PATHS = (
					"$(inherited)",
					"@executable_path/Frameworks",
					"@loader_path/Frameworks",
				);
				PRODUCT_BUNDLE_IDENTIFIER = "com.codingblocks.I-Am-RichTests";
				PRODUCT_NAME = "$(TARGET_NAME)";
				SWIFT_VERSION = 5.0;
				TARGETED_DEVICE_FAMILY = "1,2";
				TEST_HOST = "$(BUILT_PRODUCTS_DIR)/I Am Rich.app/I Am Rich";
			};
			name = Release;
		};
		5767954B22F099F10052EB6B /* Debug */ = {
			isa = XCBuildConfiguration;
			buildSettings = {
				ALWAYS_EMBED_SWIFT_STANDARD_LIBRARIES = YES;
				CODE_SIGN_STYLE = Automatic;
				DEVELOPMENT_TEAM = BXD5262846;
				INFOPLIST_FILE = "I Am RichUITests/Info.plist";
				LD_RUNPATH_SEARCH_PATHS = (
					"$(inherited)",
					"@executable_path/Frameworks",
					"@loader_path/Frameworks",
				);
				PRODUCT_BUNDLE_IDENTIFIER = "com.codingblocks.I-Am-RichUITests";
				PRODUCT_NAME = "$(TARGET_NAME)";
				SWIFT_VERSION = 5.0;
				TARGETED_DEVICE_FAMILY = "1,2";
				TEST_TARGET_NAME = "I Am Rich";
			};
			name = Debug;
		};
		5767954C22F099F10052EB6B /* Release */ = {
			isa = XCBuildConfiguration;
			buildSettings = {
				ALWAYS_EMBED_SWIFT_STANDARD_LIBRARIES = YES;
				CODE_SIGN_STYLE = Automatic;
				DEVELOPMENT_TEAM = BXD5262846;
				INFOPLIST_FILE = "I Am RichUITests/Info.plist";
				LD_RUNPATH_SEARCH_PATHS = (
					"$(inherited)",
					"@executable_path/Frameworks",
					"@loader_path/Frameworks",
				);
				PRODUCT_BUNDLE_IDENTIFIER = "com.codingblocks.I-Am-RichUITests";
				PRODUCT_NAME = "$(TARGET_NAME)";
				SWIFT_VERSION = 5.0;
				TARGETED_DEVICE_FAMILY = "1,2";
				TEST_TARGET_NAME = "I Am Rich";
			};
			name = Release;
		};
/* End XCBuildConfiguration section */

/* Begin XCConfigurationList section */
		5767951722F099EF0052EB6B /* Build configuration list for PBXProject "I Am Rich" */ = {
			isa = XCConfigurationList;
			buildConfigurations = (
				5767954222F099F10052EB6B /* Debug */,
				5767954322F099F10052EB6B /* Release */,
			);
			defaultConfigurationIsVisible = 0;
			defaultConfigurationName = Release;
		};
		5767954422F099F10052EB6B /* Build configuration list for PBXNativeTarget "I Am Rich" */ = {
			isa = XCConfigurationList;
			buildConfigurations = (
				5767954522F099F10052EB6B /* Debug */,
				5767954622F099F10052EB6B /* Release */,
			);
			defaultConfigurationIsVisible = 0;
			defaultConfigurationName = Release;
		};
		5767954722F099F10052EB6B /* Build configuration list for PBXNativeTarget "I Am RichTests" */ = {
			isa = XCConfigurationList;
			buildConfigurations = (
				5767954822F099F10052EB6B /* Debug */,
				5767954922F099F10052EB6B /* Release */,
			);
			defaultConfigurationIsVisible = 0;
			defaultConfigurationName = Release;
		};
		5767954A22F099F10052EB6B /* Build configuration list for PBXNativeTarget "I Am RichUITests" */ = {
			isa = XCConfigurationList;
			buildConfigurations = (
				5767954B22F099F10052EB6B /* Debug */,
				5767954C22F099F10052EB6B /* Release */,
			);
			defaultConfigurationIsVisible = 0;
			defaultConfigurationName = Release;
		};
/* End XCConfigurationList section */
	};
	rootObject = 5767951422F099EF0052EB6B /* Project object */;
}
